
Microsoft Visual Studio Solution File, Format Version 12.00
# Visual Studio Version 16
VisualStudioVersion = 16.0.30128.74
MinimumVisualStudioVersion = 10.0.40219.1
Project("{9A19103F-16F7-4668-BE54-9A1E7A4F7556}") = "DomainLayer", "DomainLayer\DomainLayer.csproj", "{2BCFA3A1-5677-4184-B615-FC4E22AF32C1}"
EndProject
Project("{9A19103F-16F7-4668-BE54-9A1E7A4F7556}") = "Tests", "Tests\Tests.csproj", "{55C88B14-E1F4-45ED-8518-A4BF0854D202}"
EndProject
Project("{9A19103F-16F7-4668-BE54-9A1E7A4F7556}") = "DataLayer", "DataLayer\DataLayer.csproj", "{4DFDE423-F949-45A7-B986-19738141FC93}"
EndProject
Project("{9A19103F-16F7-4668-BE54-9A1E7A4F7556}") = "ConsoleLayer", "ConsoleLayer\ConsoleLayer.csproj", "{55BBE049-8974-4816-925A-B349213985F2}"
EndProject
Global
	GlobalSection(SolutionConfigurationPlatforms) = preSolution
		Debug|Any CPU = Debug|Any CPU
		Release|Any CPU = Release|Any CPU
	EndGlobalSection
	GlobalSection(ProjectConfigurationPlatforms) = postSolution
		{2BCFA3A1-5677-4184-B615-FC4E22AF32C1}.Debug|Any CPU.ActiveCfg = Debug|Any CPU
		{2BCFA3A1-5677-4184-B615-FC4E22AF32C1}.Debug|Any CPU.Build.0 = Debug|Any CPU
		{2BCFA3A1-5677-4184-B615-FC4E22AF32C1}.Release|Any CPU.ActiveCfg = Release|Any CPU
		{2BCFA3A1-5677-4184-B615-FC4E22AF32C1}.Release|Any CPU.Build.0 = Release|Any CPU
		{55C88B14-E1F4-45ED-8518-A4BF0854D202}.Debug|Any CPU.ActiveCfg = Debug|Any CPU
		{55C88B14-E1F4-45ED-8518-A4BF0854D202}.Debug|Any CPU.Build.0 = Debug|Any CPU
		{55C88B14-E1F4-45ED-8518-A4BF0854D202}.Release|Any CPU.ActiveCfg = Release|Any CPU
		{55C88B14-E1F4-45ED-8518-A4BF0854D202}.Release|Any CPU.Build.0 = Release|Any CPU
		{4DFDE423-F949-45A7-B986-19738141FC93}.Debug|Any CPU.ActiveCfg = Debug|Any CPU
		{4DFDE423-F949-45A7-B986-19738141FC93}.Debug|Any CPU.Build.0 = Debug|Any CPU
		{4DFDE423-F949-45A7-B986-19738141FC93}.Release|Any CPU.ActiveCfg = Release|Any CPU
		{4DFDE423-F949-45A7-B986-19738141FC93}.Release|Any CPU.Build.0 = Release|Any CPU
		{55BBE049-8974-4816-925A-B349213985F2}.Debug|Any CPU.ActiveCfg = Debug|Any CPU
		{55BBE049-8974-4816-925A-B349213985F2}.Debug|Any CPU.Build.0 = Debug|Any CPU
		{55BBE049-8974-4816-925A-B349213985F2}.Release|Any CPU.ActiveCfg = Release|Any CPU
		{55BBE049-8974-4816-925A-B349213985F2}.Release|Any CPU.Build.0 = Release|Any CPU
	EndGlobalSection
	GlobalSection(SolutionProperties) = preSolution
		HideSolutionNode = FALSE
	EndGlobalSection
	GlobalSection(ExtensibilityGlobals) = postSolution
		SolutionGuid = {2C6DBC13-A4C9-4E30-BDF7-558871AA7969}
	EndGlobalSection
EndGlobal
